
Microsoft Visual Studio Solution File, Format Version 12.00
# Visual Studio Version 17
VisualStudioVersion = 17.14.36414.22 d17.14
MinimumVisualStudioVersion = 10.0.40219.1
Project("{FAE04EC0-301F-11D3-BF4B-00C04F79EFBC}") = "Lab3", "Lab3\Lab3.csproj", "{76C9BA95-E5FD-4C67-8010-69A88F2D9C39}"
EndProject
Global
	GlobalSection(SolutionConfigurationPlatforms) = preSolution
		Debug|Any CPU = Debug|Any CPU
		Release|Any CPU = Release|Any CPU
	EndGlobalSection
	GlobalSection(ProjectConfigurationPlatforms) = postSolution
		{76C9BA95-E5FD-4C67-8010-69A88F2D9C39}.Debug|Any CPU.ActiveCfg = Debug|Any CPU
		{76C9BA95-E5FD-4C67-8010-69A88F2D9C39}.Debug|Any CPU.Build.0 = Debug|Any CPU
		{76C9BA95-E5FD-4C67-8010-69A88F2D9C39}.Release|Any CPU.ActiveCfg = Release|Any CPU
		{76C9BA95-E5FD-4C67-8010-69A88F2D9C39}.Release|Any CPU.Build.0 = Release|Any CPU
	EndGlobalSection
	GlobalSection(SolutionProperties) = preSolution
		HideSolutionNode = FALSE
	EndGlobalSection
	GlobalSection(ExtensibilityGlobals) = postSolution
		SolutionGuid = {F95D09D2-C659-42EF-ABA1-36477D1E1CF1}
	EndGlobalSection
EndGlobal
